
Microsoft Visual Studio Solution File, Format Version 12.00
# Visual Studio 15
Project("{FAE04EC0-301F-11D3-BF4B-00C04F79EFBC}") = "BeHappy.Android", "BeHappy.Android\BeHappy.Android.csproj", "{E3BF45CE-CC12-4185-9943-C61AF8047BF1}"
EndProject
Project("{FAE04EC0-301F-11D3-BF4B-00C04F79EFBC}") = "BeHappy.iOS", "BeHappy.iOS\BeHappy.iOS.csproj", "{E70CEB13-8F27-4F15-ACF7-FDAB412A42FE}"
EndProject
Project("{FAE04EC0-301F-11D3-BF4B-00C04F79EFBC}") = "BeHappy.UITests", "BeHappy.UITests\BeHappy.UITests.csproj", "{B19C892E-2628-4CA7-AD27-08D406A3B14B}"
EndProject
Project("{FAE04EC0-301F-11D3-BF4B-00C04F79EFBC}") = "BeHappy", "BeHappy\BeHappy.csproj", "{EC2F8EA9-F317-4181-A204-4F45B64AD6D9}"
EndProject
Global
	GlobalSection(SolutionConfigurationPlatforms) = preSolution
		Debug|Any CPU = Debug|Any CPU
		Release|Any CPU = Release|Any CPU
		Debug|iPhoneSimulator = Debug|iPhoneSimulator
		Release|iPhoneSimulator = Release|iPhoneSimulator
		Debug|iPhone = Debug|iPhone
		Release|iPhone = Release|iPhone
		Ad-Hoc|iPhone = Ad-Hoc|iPhone
		AppStore|iPhone = AppStore|iPhone
	EndGlobalSection
	GlobalSection(ProjectConfigurationPlatforms) = postSolution
		{E3BF45CE-CC12-4185-9943-C61AF8047BF1}.Debug|Any CPU.ActiveCfg = Debug|Any CPU
		{E3BF45CE-CC12-4185-9943-C61AF8047BF1}.Debug|Any CPU.Build.0 = Debug|Any CPU
		{E3BF45CE-CC12-4185-9943-C61AF8047BF1}.Release|Any CPU.ActiveCfg = Release|Any CPU
		{E3BF45CE-CC12-4185-9943-C61AF8047BF1}.Release|Any CPU.Build.0 = Release|Any CPU
		{E3BF45CE-CC12-4185-9943-C61AF8047BF1}.Debug|iPhoneSimulator.ActiveCfg = Debug|Any CPU
		{E3BF45CE-CC12-4185-9943-C61AF8047BF1}.Debug|iPhoneSimulator.Build.0 = Debug|Any CPU
		{E3BF45CE-CC12-4185-9943-C61AF8047BF1}.Release|iPhoneSimulator.ActiveCfg = Release|Any CPU
		{E3BF45CE-CC12-4185-9943-C61AF8047BF1}.Release|iPhoneSimulator.Build.0 = Release|Any CPU
		{E3BF45CE-CC12-4185-9943-C61AF8047BF1}.Debug|iPhone.ActiveCfg = Debug|Any CPU
		{E3BF45CE-CC12-4185-9943-C61AF8047BF1}.Debug|iPhone.Build.0 = Debug|Any CPU
		{E3BF45CE-CC12-4185-9943-C61AF8047BF1}.Release|iPhone.ActiveCfg = Release|Any CPU
		{E3BF45CE-CC12-4185-9943-C61AF8047BF1}.Release|iPhone.Build.0 = Release|Any CPU
		{E3BF45CE-CC12-4185-9943-C61AF8047BF1}.Ad-Hoc|iPhone.ActiveCfg = Debug|Any CPU
		{E3BF45CE-CC12-4185-9943-C61AF8047BF1}.Ad-Hoc|iPhone.Build.0 = Debug|Any CPU
		{E3BF45CE-CC12-4185-9943-C61AF8047BF1}.AppStore|iPhone.ActiveCfg = Debug|Any CPU
		{E3BF45CE-CC12-4185-9943-C61AF8047BF1}.AppStore|iPhone.Build.0 = Debug|Any CPU
		{E70CEB13-8F27-4F15-ACF7-FDAB412A42FE}.Debug|Any CPU.ActiveCfg = Debug|iPhoneSimulator
		{E70CEB13-8F27-4F15-ACF7-FDAB412A42FE}.Debug|Any CPU.Build.0 = Debug|iPhoneSimulator
		{E70CEB13-8F27-4F15-ACF7-FDAB412A42FE}.Release|Any CPU.ActiveCfg = Release|iPhoneSimulator
		{E70CEB13-8F27-4F15-ACF7-FDAB412A42FE}.Release|Any CPU.Build.0 = Release|iPhoneSimulator
		{E70CEB13-8F27-4F15-ACF7-FDAB412A42FE}.Debug|iPhoneSimulator.ActiveCfg = Debug|iPhoneSimulator
		{E70CEB13-8F27-4F15-ACF7-FDAB412A42FE}.Debug|iPhoneSimulator.Build.0 = Debug|iPhoneSimulator
		{E70CEB13-8F27-4F15-ACF7-FDAB412A42FE}.Release|iPhoneSimulator.ActiveCfg = Release|iPhoneSimulator
		{E70CEB13-8F27-4F15-ACF7-FDAB412A42FE}.Release|iPhoneSimulator.Build.0 = Release|iPhoneSimulator
		{E70CEB13-8F27-4F15-ACF7-FDAB412A42FE}.Debug|iPhone.ActiveCfg = Debug|iPhone
		{E70CEB13-8F27-4F15-ACF7-FDAB412A42FE}.Debug|iPhone.Build.0 = Debug|iPhone
		{E70CEB13-8F27-4F15-ACF7-FDAB412A42FE}.Release|iPhone.ActiveCfg = Release|iPhone
		{E70CEB13-8F27-4F15-ACF7-FDAB412A42FE}.Release|iPhone.Build.0 = Release|iPhone
		{E70CEB13-8F27-4F15-ACF7-FDAB412A42FE}.Ad-Hoc|iPhone.ActiveCfg = Ad-Hoc|iPhone
		{E70CEB13-8F27-4F15-ACF7-FDAB412A42FE}.Ad-Hoc|iPhone.Build.0 = Ad-Hoc|iPhone
		{E70CEB13-8F27-4F15-ACF7-FDAB412A42FE}.AppStore|iPhone.ActiveCfg = AppStore|iPhone
		{E70CEB13-8F27-4F15-ACF7-FDAB412A42FE}.AppStore|iPhone.Build.0 = AppStore|iPhone
		{B19C892E-2628-4CA7-AD27-08D406A3B14B}.Debug|Any CPU.ActiveCfg = Debug|Any CPU
		{B19C892E-2628-4CA7-AD27-08D406A3B14B}.Debug|Any CPU.Build.0 = Debug|Any CPU
		{B19C892E-2628-4CA7-AD27-08D406A3B14B}.Release|Any CPU.ActiveCfg = Release|Any CPU
		{B19C892E-2628-4CA7-AD27-08D406A3B14B}.Release|Any CPU.Build.0 = Release|Any CPU
		{B19C892E-2628-4CA7-AD27-08D406A3B14B}.Debug|iPhoneSimulator.ActiveCfg = Debug|Any CPU
		{B19C892E-2628-4CA7-AD27-08D406A3B14B}.Debug|iPhoneSimulator.Build.0 = Debug|Any CPU
		{B19C892E-2628-4CA7-AD27-08D406A3B14B}.Release|iPhoneSimulator.ActiveCfg = Release|Any CPU
		{B19C892E-2628-4CA7-AD27-08D406A3B14B}.Release|iPhoneSimulator.Build.0 = Release|Any CPU
		{B19C892E-2628-4CA7-AD27-08D406A3B14B}.Debug|iPhone.ActiveCfg = Debug|Any CPU
		{B19C892E-2628-4CA7-AD27-08D406A3B14B}.Debug|iPhone.Build.0 = Debug|Any CPU
		{B19C892E-2628-4CA7-AD27-08D406A3B14B}.Release|iPhone.ActiveCfg = Release|Any CPU
		{B19C892E-2628-4CA7-AD27-08D406A3B14B}.Release|iPhone.Build.0 = Release|Any CPU
		{B19C892E-2628-4CA7-AD27-08D406A3B14B}.Ad-Hoc|iPhone.ActiveCfg = Debug|Any CPU
		{B19C892E-2628-4CA7-AD27-08D406A3B14B}.Ad-Hoc|iPhone.Build.0 = Debug|Any CPU
		{B19C892E-2628-4CA7-AD27-08D406A3B14B}.AppStore|iPhone.ActiveCfg = Debug|Any CPU
		{B19C892E-2628-4CA7-AD27-08D406A3B14B}.AppStore|iPhone.Build.0 = Debug|Any CPU
		{EC2F8EA9-F317-4181-A204-4F45B64AD6D9}.Debug|Any CPU.ActiveCfg = Debug|Any CPU
		{EC2F8EA9-F317-4181-A204-4F45B64AD6D9}.Debug|Any CPU.Build.0 = Debug|Any CPU
		{EC2F8EA9-F317-4181-A204-4F45B64AD6D9}.Release|Any CPU.ActiveCfg = Release|Any CPU
		{EC2F8EA9-F317-4181-A204-4F45B64AD6D9}.Release|Any CPU.Build.0 = Release|Any CPU
		{EC2F8EA9-F317-4181-A204-4F45B64AD6D9}.Debug|iPhoneSimulator.ActiveCfg = Debug|Any CPU
		{EC2F8EA9-F317-4181-A204-4F45B64AD6D9}.Debug|iPhoneSimulator.Build.0 = Debug|Any CPU
		{EC2F8EA9-F317-4181-A204-4F45B64AD6D9}.Release|iPhoneSimulator.ActiveCfg = Release|Any CPU
		{EC2F8EA9-F317-4181-A204-4F45B64AD6D9}.Release|iPhoneSimulator.Build.0 = Release|Any CPU
		{EC2F8EA9-F317-4181-A204-4F45B64AD6D9}.Debug|iPhone.ActiveCfg = Debug|Any CPU
		{EC2F8EA9-F317-4181-A204-4F45B64AD6D9}.Debug|iPhone.Build.0 = Debug|Any CPU
		{EC2F8EA9-F317-4181-A204-4F45B64AD6D9}.Release|iPhone.ActiveCfg = Release|Any CPU
		{EC2F8EA9-F317-4181-A204-4F45B64AD6D9}.Release|iPhone.Build.0 = Release|Any CPU
		{EC2F8EA9-F317-4181-A204-4F45B64AD6D9}.Ad-Hoc|iPhone.ActiveCfg = Debug|Any CPU
		{EC2F8EA9-F317-4181-A204-4F45B64AD6D9}.Ad-Hoc|iPhone.Build.0 = Debug|Any CPU
		{EC2F8EA9-F317-4181-A204-4F45B64AD6D9}.AppStore|iPhone.ActiveCfg = Debug|Any CPU
		{EC2F8EA9-F317-4181-A204-4F45B64AD6D9}.AppStore|iPhone.Build.0 = Debug|Any CPU
	EndGlobalSection
EndGlobal
